
Microsoft Visual Studio Solution File, Format Version 12.00
# Visual Studio 2013
VisualStudioVersion = 12.0.31101.0
MinimumVisualStudioVersion = 10.0.40219.1
Project("{FAE04EC0-301F-11D3-BF4B-00C04F79EFBC}") = "AdveChan", "AdveChan\AdveChan.csproj", "{E92D112E-44E7-4DB5-B94C-BCAAF4AE8835}"
EndProject
Project("{FAE04EC0-301F-11D3-BF4B-00C04F79EFBC}") = "AdveChan.Tests", "AdveChan.Tests\AdveChan.Tests.csproj", "{103091AE-2E5A-4186-9B2E-2DC692925FE9}"
EndProject
Global
	GlobalSection(SolutionConfigurationPlatforms) = preSolution
		Debug|Any CPU = Debug|Any CPU
		Release|Any CPU = Release|Any CPU
	EndGlobalSection
	GlobalSection(ProjectConfigurationPlatforms) = postSolution
		{E92D112E-44E7-4DB5-B94C-BCAAF4AE8835}.Debug|Any CPU.ActiveCfg = Debug|Any CPU
		{E92D112E-44E7-4DB5-B94C-BCAAF4AE8835}.Debug|Any CPU.Build.0 = Debug|Any CPU
		{E92D112E-44E7-4DB5-B94C-BCAAF4AE8835}.Release|Any CPU.ActiveCfg = Release|Any CPU
		{E92D112E-44E7-4DB5-B94C-BCAAF4AE8835}.Release|Any CPU.Build.0 = Release|Any CPU
		{103091AE-2E5A-4186-9B2E-2DC692925FE9}.Debug|Any CPU.ActiveCfg = Debug|Any CPU
		{103091AE-2E5A-4186-9B2E-2DC692925FE9}.Debug|Any CPU.Build.0 = Debug|Any CPU
		{103091AE-2E5A-4186-9B2E-2DC692925FE9}.Release|Any CPU.ActiveCfg = Release|Any CPU
		{103091AE-2E5A-4186-9B2E-2DC692925FE9}.Release|Any CPU.Build.0 = Release|Any CPU
	EndGlobalSection
	GlobalSection(SolutionProperties) = preSolution
		HideSolutionNode = FALSE
	EndGlobalSection
EndGlobal
